
Microsoft Visual Studio Solution File, Format Version 12.00
Project("{FAE04EC0-301F-11D3-BF4B-00C04F79EFBC}") = "Pholymorphic", "Pholymorphic\Pholymorphic.csproj", "{FF3BBDB6-1C62-4DBF-89D4-053710F4C361}"
EndProject
Project("{FAE04EC0-301F-11D3-BF4B-00C04F79EFBC}") = "JsonStuff", "JsonStuff\JsonStuff.csproj", "{461B4DCD-A8BB-4724-9554-466149F59ADB}"
EndProject
Global
	GlobalSection(SolutionConfigurationPlatforms) = preSolution
		Debug|Any CPU = Debug|Any CPU
		Release|Any CPU = Release|Any CPU
	EndGlobalSection
	GlobalSection(ProjectConfigurationPlatforms) = postSolution
		{FF3BBDB6-1C62-4DBF-89D4-053710F4C361}.Debug|Any CPU.ActiveCfg = Debug|Any CPU
		{FF3BBDB6-1C62-4DBF-89D4-053710F4C361}.Debug|Any CPU.Build.0 = Debug|Any CPU
		{FF3BBDB6-1C62-4DBF-89D4-053710F4C361}.Release|Any CPU.ActiveCfg = Release|Any CPU
		{FF3BBDB6-1C62-4DBF-89D4-053710F4C361}.Release|Any CPU.Build.0 = Release|Any CPU
		{461B4DCD-A8BB-4724-9554-466149F59ADB}.Debug|Any CPU.ActiveCfg = Debug|Any CPU
		{461B4DCD-A8BB-4724-9554-466149F59ADB}.Debug|Any CPU.Build.0 = Debug|Any CPU
		{461B4DCD-A8BB-4724-9554-466149F59ADB}.Release|Any CPU.ActiveCfg = Release|Any CPU
		{461B4DCD-A8BB-4724-9554-466149F59ADB}.Release|Any CPU.Build.0 = Release|Any CPU
	EndGlobalSection
EndGlobal
